{
  "object": {
    "pins": [
      {
        "package": "Aeni",
        "repositoryURL": "https://github.com/conifer-dev/Aeni.git",
        "state": {
          "branch": "main",
          "revision": "5bbc8dba70378700adbb94c5e7c6a9c4bd39b7b7",
          "version": null
        }
      },
      {
        "package": "Raylib",
        "repositoryURL": "https://github.com/STREGAsGate/Raylib.git",
        "state": {
          "branch": "master",
          "revision": "87da4bfba7a283c83c128186bd5d4b21beb38653",
          "version": null
        }
      },
      {
        "package": "Seuwichi",
        "repositoryURL": "https://github.com/conifer-dev/Seuwichi.git",
        "state": {
          "branch": "main",
          "revision": "4e8ef0a9d653af230131b02b2a890c3270b5c2e1",
          "version": null
        }
      }
    ]
  },
  "version": 1
}
