{
  "object": {
    "pins": [
      {
        "package": "Aeni",
        "repositoryURL": "https://github.com/conifer-dev/Aeni.git",
        "state": {
          "branch": "main",
          "revision": "a48af722eff54649e41ae80b1c19ff3a5f1d455b",
          "version": null
        }
      },
      {
        "package": "Raylib",
        "repositoryURL": "https://github.com/STREGAsGate/Raylib.git",
        "state": {
          "branch": "master",
          "revision": "87da4bfba7a283c83c128186bd5d4b21beb38653",
          "version": null
        }
      },
      {
        "package": "Seuwichi",
        "repositoryURL": "https://github.com/conifer-dev/Seuwichi.git",
        "state": {
          "branch": "main",
          "revision": "b2131a660672e3279fdcece366289b29a862a134",
          "version": null
        }
      }
    ]
  },
  "version": 1
}
